// !$*UTF8*$!
{
	archiveVersion = 1;
	classes = {
	};
	objectVersion = 50;
	objects = {

/* Begin PBXBuildFile section */
		3ACF8C23277C5661009FA1EC /* AppDelegate.swift in Sources */ = {isa = PBXBuildFile; fileRef = 3ACF8C22277C5661009FA1EC /* AppDelegate.swift */; };
		3ACF8C25277C5661009FA1EC /* SceneDelegate.swift in Sources */ = {isa = PBXBuildFile; fileRef = 3ACF8C24277C5661009FA1EC /* SceneDelegate.swift */; };
		3ACF8C27277C5661009FA1EC /* ViewController.swift in Sources */ = {isa = PBXBuildFile; fileRef = 3ACF8C26277C5661009FA1EC /* ViewController.swift */; };
		3ACF8C2A277C5661009FA1EC /* Main.storyboard in Resources */ = {isa = PBXBuildFile; fileRef = 3ACF8C28277C5661009FA1EC /* Main.storyboard */; };
		3ACF8C2D277C5661009FA1EC /* collectionView.xcdatamodeld in Sources */ = {isa = PBXBuildFile; fileRef = 3ACF8C2B277C5661009FA1EC /* collectionView.xcdatamodeld */; };
		3ACF8C2F277C5663009FA1EC /* Assets.xcassets in Resources */ = {isa = PBXBuildFile; fileRef = 3ACF8C2E277C5663009FA1EC /* Assets.xcassets */; };
		3ACF8C32277C5663009FA1EC /* LaunchScreen.storyboard in Resources */ = {isa = PBXBuildFile; fileRef = 3ACF8C30277C5663009FA1EC /* LaunchScreen.storyboard */; };
		3ACF8C3D277C5663009FA1EC /* collectionViewTests.swift in Sources */ = {isa = PBXBuildFile; fileRef = 3ACF8C3C277C5663009FA1EC /* collectionViewTests.swift */; };
		3ACF8C48277C5664009FA1EC /* collectionViewUITests.swift in Sources */ = {isa = PBXBuildFile; fileRef = 3ACF8C47277C5664009FA1EC /* collectionViewUITests.swift */; };
		3ACF8C59277C5B17009FA1EC /* CollVCell.swift in Sources */ = {isa = PBXBuildFile; fileRef = 3ACF8C58277C5B17009FA1EC /* CollVCell.swift */; };
/* End PBXBuildFile section */

/* Begin PBXContainerItemProxy section */
		3ACF8C39277C5663009FA1EC /* PBXContainerItemProxy */ = {
			isa = PBXContainerItemProxy;
			containerPortal = 3ACF8C17277C5660009FA1EC /* Project object */;
			proxyType = 1;
			remoteGlobalIDString = 3ACF8C1E277C5661009FA1EC;
			remoteInfo = collectionView;
		};
		3ACF8C44277C5664009FA1EC /* PBXContainerItemProxy */ = {
			isa = PBXContainerItemProxy;
			containerPortal = 3ACF8C17277C5660009FA1EC /* Project object */;
			proxyType = 1;
			remoteGlobalIDString = 3ACF8C1E277C5661009FA1EC;
			remoteInfo = collectionView;
		};
/* End PBXContainerItemProxy section */

/* Begin PBXFileReference section */
		3ACF8C1F277C5661009FA1EC /* collectionView.app */ = {isa = PBXFileReference; explicitFileType = wrapper.application; includeInIndex = 0; path = collectionView.app; sourceTree = BUILT_PRODUCTS_DIR; };
		3ACF8C22277C5661009FA1EC /* AppDelegate.swift */ = {isa = PBXFileReference; lastKnownFileType = sourcecode.swift; path = AppDelegate.swift; sourceTree = "<group>"; };
		3ACF8C24277C5661009FA1EC /* SceneDelegate.swift */ = {isa = PBXFileReference; lastKnownFileType = sourcecode.swift; path = SceneDelegate.swift; sourceTree = "<group>"; };
		3ACF8C26277C5661009FA1EC /* ViewController.swift */ = {isa = PBXFileReference; lastKnownFileType = sourcecode.swift; path = ViewController.swift; sourceTree = "<group>"; };
		3ACF8C29277C5661009FA1EC /* Base */ = {isa = PBXFileReference; lastKnownFileType = file.storyboard; name = Base; path = Base.lproj/Main.storyboard; sourceTree = "<group>"; };
		3ACF8C2C277C5661009FA1EC /* collectionView.xcdatamodel */ = {isa = PBXFileReference; lastKnownFileType = wrapper.xcdatamodel; path = collectionView.xcdatamodel; sourceTree = "<group>"; };
		3ACF8C2E277C5663009FA1EC /* Assets.xcassets */ = {isa = PBXFileReference; lastKnownFileType = folder.assetcatalog; path = Assets.xcassets; sourceTree = "<group>"; };
		3ACF8C31277C5663009FA1EC /* Base */ = {isa = PBXFileReference; lastKnownFileType = file.storyboard; name = Base; path = Base.lproj/LaunchScreen.storyboard; sourceTree = "<group>"; };
		3ACF8C33277C5663009FA1EC /* Info.plist */ = {isa = PBXFileReference; lastKnownFileType = text.plist.xml; path = Info.plist; sourceTree = "<group>"; };
		3ACF8C38277C5663009FA1EC /* collectionViewTests.xctest */ = {isa = PBXFileReference; explicitFileType = wrapper.cfbundle; includeInIndex = 0; path = collectionViewTests.xctest; sourceTree = BUILT_PRODUCTS_DIR; };
		3ACF8C3C277C5663009FA1EC /* collectionViewTests.swift */ = {isa = PBXFileReference; lastKnownFileType = sourcecode.swift; path = collectionViewTests.swift; sourceTree = "<group>"; };
		3ACF8C3E277C5663009FA1EC /* Info.plist */ = {isa = PBXFileReference; lastKnownFileType = text.plist.xml; path = Info.plist; sourceTree = "<group>"; };
		3ACF8C43277C5664009FA1EC /* collectionViewUITests.xctest */ = {isa = PBXFileReference; explicitFileType = wrapper.cfbundle; includeInIndex = 0; path = collectionViewUITests.xctest; sourceTree = BUILT_PRODUCTS_DIR; };
		3ACF8C47277C5664009FA1EC /* collectionViewUITests.swift */ = {isa = PBXFileReference; lastKnownFileType = sourcecode.swift; path = collectionViewUITests.swift; sourceTree = "<group>"; };
		3ACF8C49277C5664009FA1EC /* Info.plist */ = {isa = PBXFileReference; lastKnownFileType = text.plist.xml; path = Info.plist; sourceTree = "<group>"; };
		3ACF8C58277C5B17009FA1EC /* CollVCell.swift */ = {isa = PBXFileReference; lastKnownFileType = sourcecode.swift; path = CollVCell.swift; sourceTree = "<group>"; };
/* End PBXFileReference section */

/* Begin PBXFrameworksBuildPhase section */
		3ACF8C1C277C5661009FA1EC /* Frameworks */ = {
			isa = PBXFrameworksBuildPhase;
			buildActionMask = 2147483647;
			files = (
			);
			runOnlyForDeploymentPostprocessing = 0;
		};
		3ACF8C35277C5663009FA1EC /* Frameworks */ = {
			isa = PBXFrameworksBuildPhase;
			buildActionMask = 2147483647;
			files = (
			);
			runOnlyForDeploymentPostprocessing = 0;
		};
		3ACF8C40277C5664009FA1EC /* Frameworks */ = {
			isa = PBXFrameworksBuildPhase;
			buildActionMask = 2147483647;
			files = (
			);
			runOnlyForDeploymentPostprocessing = 0;
		};
/* End PBXFrameworksBuildPhase section */

/* Begin PBXGroup section */
		3ACF8C16277C5660009FA1EC = {
			isa = PBXGroup;
			children = (
				3ACF8C21277C5661009FA1EC /* collectionView */,
				3ACF8C3B277C5663009FA1EC /* collectionViewTests */,
				3ACF8C46277C5664009FA1EC /* collectionViewUITests */,
				3ACF8C20277C5661009FA1EC /* Products */,
			);
			sourceTree = "<group>";
		};
		3ACF8C20277C5661009FA1EC /* Products */ = {
			isa = PBXGroup;
			children = (
				3ACF8C1F277C5661009FA1EC /* collectionView.app */,
				3ACF8C38277C5663009FA1EC /* collectionViewTests.xctest */,
				3ACF8C43277C5664009FA1EC /* collectionViewUITests.xctest */,
			);
			name = Products;
			sourceTree = "<group>";
		};
		3ACF8C21277C5661009FA1EC /* collectionView */ = {
			isa = PBXGroup;
			children = (
				3ACF8C22277C5661009FA1EC /* AppDelegate.swift */,
				3ACF8C24277C5661009FA1EC /* SceneDelegate.swift */,
				3ACF8C26277C5661009FA1EC /* ViewController.swift */,
				3ACF8C28277C5661009FA1EC /* Main.storyboard */,
				3ACF8C2E277C5663009FA1EC /* Assets.xcassets */,
				3ACF8C30277C5663009FA1EC /* LaunchScreen.storyboard */,
				3ACF8C33277C5663009FA1EC /* Info.plist */,
				3ACF8C2B277C5661009FA1EC /* collectionView.xcdatamodeld */,
				3ACF8C58277C5B17009FA1EC /* CollVCell.swift */,
			);
			path = collectionView;
			sourceTree = "<group>";
		};
		3ACF8C3B277C5663009FA1EC /* collectionViewTests */ = {
			isa = PBXGroup;
			children = (
				3ACF8C3C277C5663009FA1EC /* collectionViewTests.swift */,
				3ACF8C3E277C5663009FA1EC /* Info.plist */,
			);
			path = collectionViewTests;
			sourceTree = "<group>";
		};
		3ACF8C46277C5664009FA1EC /* collectionViewUITests */ = {
			isa = PBXGroup;
			children = (
				3ACF8C47277C5664009FA1EC /* collectionViewUITests.swift */,
				3ACF8C49277C5664009FA1EC /* Info.plist */,
			);
			path = collectionViewUITests;
			sourceTree = "<group>";
		};
/* End PBXGroup section */

/* Begin PBXNativeTarget section */
		3ACF8C1E277C5661009FA1EC /* collectionView */ = {
			isa = PBXNativeTarget;
			buildConfigurationList = 3ACF8C4C277C5664009FA1EC /* Build configuration list for PBXNativeTarget "collectionView" */;
			buildPhases = (
				3ACF8C1B277C5661009FA1EC /* Sources */,
				3ACF8C1C277C5661009FA1EC /* Frameworks */,
				3ACF8C1D277C5661009FA1EC /* Resources */,
			);
			buildRules = (
			);
			dependencies = (
			);
			name = collectionView;
			productName = collectionView;
			productReference = 3ACF8C1F277C5661009FA1EC /* collectionView.app */;
			productType = "com.apple.product-type.application";
		};
		3ACF8C37277C5663009FA1EC /* collectionViewTests */ = {
			isa = PBXNativeTarget;
			buildConfigurationList = 3ACF8C4F277C5664009FA1EC /* Build configuration list for PBXNativeTarget "collectionViewTests" */;
			buildPhases = (
				3ACF8C34277C5663009FA1EC /* Sources */,
				3ACF8C35277C5663009FA1EC /* Frameworks */,
				3ACF8C36277C5663009FA1EC /* Resources */,
			);
			buildRules = (
			);
			dependencies = (
				3ACF8C3A277C5663009FA1EC /* PBXTargetDependency */,
			);
			name = collectionViewTests;
			productName = collectionViewTests;
			productReference = 3ACF8C38277C5663009FA1EC /* collectionViewTests.xctest */;
			productType = "com.apple.product-type.bundle.unit-test";
		};
		3ACF8C42277C5664009FA1EC /* collectionViewUITests */ = {
			isa = PBXNativeTarget;
			buildConfigurationList = 3ACF8C52277C5664009FA1EC /* Build configuration list for PBXNativeTarget "collectionViewUITests" */;
			buildPhases = (
				3ACF8C3F277C5664009FA1EC /* Sources */,
				3ACF8C40277C5664009FA1EC /* Frameworks */,
				3ACF8C41277C5664009FA1EC /* Resources */,
			);
			buildRules = (
			);
			dependencies = (
				3ACF8C45277C5664009FA1EC /* PBXTargetDependency */,
			);
			name = collectionViewUITests;
			productName = collectionViewUITests;
			productReference = 3ACF8C43277C5664009FA1EC /* collectionViewUITests.xctest */;
			productType = "com.apple.product-type.bundle.ui-testing";
		};
/* End PBXNativeTarget section */

/* Begin PBXProject section */
		3ACF8C17277C5660009FA1EC /* Project object */ = {
			isa = PBXProject;
			attributes = {
				LastSwiftUpdateCheck = 1230;
				LastUpgradeCheck = 1230;
				TargetAttributes = {
					3ACF8C1E277C5661009FA1EC = {
						CreatedOnToolsVersion = 12.3;
					};
					3ACF8C37277C5663009FA1EC = {
						CreatedOnToolsVersion = 12.3;
						TestTargetID = 3ACF8C1E277C5661009FA1EC;
					};
					3ACF8C42277C5664009FA1EC = {
						CreatedOnToolsVersion = 12.3;
						TestTargetID = 3ACF8C1E277C5661009FA1EC;
					};
				};
			};
			buildConfigurationList = 3ACF8C1A277C5660009FA1EC /* Build configuration list for PBXProject "collectionView" */;
			compatibilityVersion = "Xcode 9.3";
			developmentRegion = en;
			hasScannedForEncodings = 0;
			knownRegions = (
				en,
				Base,
			);
			mainGroup = 3ACF8C16277C5660009FA1EC;
			productRefGroup = 3ACF8C20277C5661009FA1EC /* Products */;
			projectDirPath = "";
			projectRoot = "";
			targets = (
				3ACF8C1E277C5661009FA1EC /* collectionView */,
				3ACF8C37277C5663009FA1EC /* collectionViewTests */,
				3ACF8C42277C5664009FA1EC /* collectionViewUITests */,
			);
		};
/* End PBXProject section */

/* Begin PBXResourcesBuildPhase section */
		3ACF8C1D277C5661009FA1EC /* Resources */ = {
			isa = PBXResourcesBuildPhase;
			buildActionMask = 2147483647;
			files = (
				3ACF8C32277C5663009FA1EC /* LaunchScreen.storyboard in Resources */,
				3ACF8C2F277C5663009FA1EC /* Assets.xcassets in Resources */,
				3ACF8C2A277C5661009FA1EC /* Main.storyboard in Resources */,
			);
			runOnlyForDeploymentPostprocessing = 0;
		};
		3ACF8C36277C5663009FA1EC /* Resources */ = {
			isa = PBXResourcesBuildPhase;
			buildActionMask = 2147483647;
			files = (
			);
			runOnlyForDeploymentPostprocessing = 0;
		};
		3ACF8C41277C5664009FA1EC /* Resources */ = {
			isa = PBXResourcesBuildPhase;
			buildActionMask = 2147483647;
			files = (
			);
			runOnlyForDeploymentPostprocessing = 0;
		};
/* End PBXResourcesBuildPhase section */

/* Begin PBXSourcesBuildPhase section */
		3ACF8C1B277C5661009FA1EC /* Sources */ = {
			isa = PBXSourcesBuildPhase;
			buildActionMask = 2147483647;
			files = (
				3ACF8C59277C5B17009FA1EC /* CollVCell.swift in Sources */,
				3ACF8C27277C5661009FA1EC /* ViewController.swift in Sources */,
				3ACF8C23277C5661009FA1EC /* AppDelegate.swift in Sources */,
				3ACF8C2D277C5661009FA1EC /* collectionView.xcdatamodeld in Sources */,
				3ACF8C25277C5661009FA1EC /* SceneDelegate.swift in Sources */,
			);
			runOnlyForDeploymentPostprocessing = 0;
		};
		3ACF8C34277C5663009FA1EC /* Sources */ = {
			isa = PBXSourcesBuildPhase;
			buildActionMask = 2147483647;
			files = (
				3ACF8C3D277C5663009FA1EC /* collectionViewTests.swift in Sources */,
			);
			runOnlyForDeploymentPostprocessing = 0;
		};
		3ACF8C3F277C5664009FA1EC /* Sources */ = {
			isa = PBXSourcesBuildPhase;
			buildActionMask = 2147483647;
			files = (
				3ACF8C48277C5664009FA1EC /* collectionViewUITests.swift in Sources */,
			);
			runOnlyForDeploymentPostprocessing = 0;
		};
/* End PBXSourcesBuildPhase section */

/* Begin PBXTargetDependency section */
		3ACF8C3A277C5663009FA1EC /* PBXTargetDependency */ = {
			isa = PBXTargetDependency;
			target = 3ACF8C1E277C5661009FA1EC /* collectionView */;
			targetProxy = 3ACF8C39277C5663009FA1EC /* PBXContainerItemProxy */;
		};
		3ACF8C45277C5664009FA1EC /* PBXTargetDependency */ = {
			isa = PBXTargetDependency;
			target = 3ACF8C1E277C5661009FA1EC /* collectionView */;
			targetProxy = 3ACF8C44277C5664009FA1EC /* PBXContainerItemProxy */;
		};
/* End PBXTargetDependency section */

/* Begin PBXVariantGroup section */
		3ACF8C28277C5661009FA1EC /* Main.storyboard */ = {
			isa = PBXVariantGroup;
			children = (
				3ACF8C29277C5661009FA1EC /* Base */,
			);
			name = Main.storyboard;
			sourceTree = "<group>";
		};
		3ACF8C30277C5663009FA1EC /* LaunchScreen.storyboard */ = {
			isa = PBXVariantGroup;
			children = (
				3ACF8C31277C5663009FA1EC /* Base */,
			);
			name = LaunchScreen.storyboard;
			sourceTree = "<group>";
		};
/* End PBXVariantGroup section */

/* Begin XCBuildConfiguration section */
		3ACF8C4A277C5664009FA1EC /* Debug */ = {
			isa = XCBuildConfiguration;
			buildSettings = {
				ALWAYS_SEARCH_USER_PATHS = NO;
				CLANG_ANALYZER_NONNULL = YES;
				CLANG_ANALYZER_NUMBER_OBJECT_CONVERSION = YES_AGGRESSIVE;
				CLANG_CXX_LANGUAGE_STANDARD = "gnu++14";
				CLANG_CXX_LIBRARY = "libc++";
				CLANG_ENABLE_MODULES = YES;
				CLANG_ENABLE_OBJC_ARC = YES;
				CLANG_ENABLE_OBJC_WEAK = YES;
				CLANG_WARN_BLOCK_CAPTURE_AUTORELEASING = YES;
				CLANG_WARN_BOOL_CONVERSION = YES;
				CLANG_WARN_COMMA = YES;
				CLANG_WARN_CONSTANT_CONVERSION = YES;
				CLANG_WARN_DEPRECATED_OBJC_IMPLEMENTATIONS = YES;
				CLANG_WARN_DIRECT_OBJC_ISA_USAGE = YES_ERROR;
				CLANG_WARN_DOCUMENTATION_COMMENTS = YES;
				CLANG_WARN_EMPTY_BODY = YES;
				CLANG_WARN_ENUM_CONVERSION = YES;
				CLANG_WARN_INFINITE_RECURSION = YES;
				CLANG_WARN_INT_CONVERSION = YES;
				CLANG_WARN_NON_LITERAL_NULL_CONVERSION = YES;
				CLANG_WARN_OBJC_IMPLICIT_RETAIN_SELF = YES;
				CLANG_WARN_OBJC_LITERAL_CONVERSION = YES;
				CLANG_WARN_OBJC_ROOT_CLASS = YES_ERROR;
				CLANG_WARN_QUOTED_INCLUDE_IN_FRAMEWORK_HEADER = YES;
				CLANG_WARN_RANGE_LOOP_ANALYSIS = YES;
				CLANG_WARN_STRICT_PROTOTYPES = YES;
				CLANG_WARN_SUSPICIOUS_MOVE = YES;
				CLANG_WARN_UNGUARDED_AVAILABILITY = YES_AGGRESSIVE;
				CLANG_WARN_UNREACHABLE_CODE = YES;
				CLANG_WARN__DUPLICATE_METHOD_MATCH = YES;
				COPY_PHASE_STRIP = NO;
				DEBUG_INFORMATION_FORMAT = dwarf;
				ENABLE_STRICT_OBJC_MSGSEND = YES;
				ENABLE_TESTABILITY = YES;
				GCC_C_LANGUAGE_STANDARD = gnu11;
				GCC_DYNAMIC_NO_PIC = NO;
				GCC_NO_COMMON_BLOCKS = YES;
				GCC_OPTIMIZATION_LEVEL = 0;
				GCC_PREPROCESSOR_DEFINITIONS = (
					"DEBUG=1",
					"$(inherited)",
				);
				GCC_WARN_64_TO_32_BIT_CONVERSION = YES;
				GCC_WARN_ABOUT_RETURN_TYPE = YES_ERROR;
				GCC_WARN_UNDECLARED_SELECTOR = YES;
				GCC_WARN_UNINITIALIZED_AUTOS = YES_AGGRESSIVE;
				GCC_WARN_UNUSED_FUNCTION = YES;
				GCC_WARN_UNUSED_VARIABLE = YES;
				IPHONEOS_DEPLOYMENT_TARGET = 14.3;
				MTL_ENABLE_DEBUG_INFO = INCLUDE_SOURCE;
				MTL_FAST_MATH = YES;
				ONLY_ACTIVE_ARCH = YES;
				SDKROOT = iphoneos;
				SWIFT_ACTIVE_COMPILATION_CONDITIONS = DEBUG;
				SWIFT_OPTIMIZATION_LEVEL = "-Onone";
			};
			name = Debug;
		};
		3ACF8C4B277C5664009FA1EC /* Release */ = {
			isa = XCBuildConfiguration;
			buildSettings = {
				ALWAYS_SEARCH_USER_PATHS = NO;
				CLANG_ANALYZER_NONNULL = YES;
				CLANG_ANALYZER_NUMBER_OBJECT_CONVERSION = YES_AGGRESSIVE;
				CLANG_CXX_LANGUAGE_STANDARD = "gnu++14";
				CLANG_CXX_LIBRARY = "libc++";
				CLANG_ENABLE_MODULES = YES;
				CLANG_ENABLE_OBJC_ARC = YES;
				CLANG_ENABLE_OBJC_WEAK = YES;
				CLANG_WARN_BLOCK_CAPTURE_AUTORELEASING = YES;
				CLANG_WARN_BOOL_CONVERSION = YES;
				CLANG_WARN_COMMA = YES;
				CLANG_WARN_CONSTANT_CONVERSION = YES;
				CLANG_WARN_DEPRECATED_OBJC_IMPLEMENTATIONS = YES;
				CLANG_WARN_DIRECT_OBJC_ISA_USAGE = YES_ERROR;
				CLANG_WARN_DOCUMENTATION_COMMENTS = YES;
				CLANG_WARN_EMPTY_BODY = YES;
				CLANG_WARN_ENUM_CONVERSION = YES;
				CLANG_WARN_INFINITE_RECURSION = YES;
				CLANG_WARN_INT_CONVERSION = YES;
				CLANG_WARN_NON_LITERAL_NULL_CONVERSION = YES;
				CLANG_WARN_OBJC_IMPLICIT_RETAIN_SELF = YES;
				CLANG_WARN_OBJC_LITERAL_CONVERSION = YES;
				CLANG_WARN_OBJC_ROOT_CLASS = YES_ERROR;
				CLANG_WARN_QUOTED_INCLUDE_IN_FRAMEWORK_HEADER = YES;
				CLANG_WARN_RANGE_LOOP_ANALYSIS = YES;
				CLANG_WARN_STRICT_PROTOTYPES = YES;
				CLANG_WARN_SUSPICIOUS_MOVE = YES;
				CLANG_WARN_UNGUARDED_AVAILABILITY = YES_AGGRESSIVE;
				CLANG_WARN_UNREACHABLE_CODE = YES;
				CLANG_WARN__DUPLICATE_METHOD_MATCH = YES;
				COPY_PHASE_STRIP = NO;
				DEBUG_INFORMATION_FORMAT = "dwarf-with-dsym";
				ENABLE_NS_ASSERTIONS = NO;
				ENABLE_STRICT_OBJC_MSGSEND = YES;
				GCC_C_LANGUAGE_STANDARD = gnu11;
				GCC_NO_COMMON_BLOCKS = YES;
				GCC_WARN_64_TO_32_BIT_CONVERSION = YES;
				GCC_WARN_ABOUT_RETURN_TYPE = YES_ERROR;
				GCC_WARN_UNDECLARED_SELECTOR = YES;
				GCC_WARN_UNINITIALIZED_AUTOS = YES_AGGRESSIVE;
				GCC_WARN_UNUSED_FUNCTION = YES;
				GCC_WARN_UNUSED_VARIABLE = YES;
				IPHONEOS_DEPLOYMENT_TARGET = 14.3;
				MTL_ENABLE_DEBUG_INFO = NO;
				MTL_FAST_MATH = YES;
				SDKROOT = iphoneos;
				SWIFT_COMPILATION_MODE = wholemodule;
				SWIFT_OPTIMIZATION_LEVEL = "-O";
				VALIDATE_PRODUCT = YES;
			};
			name = Release;
		};
		3ACF8C4D277C5664009FA1EC /* Debug */ = {
			isa = XCBuildConfiguration;
			buildSettings = {
				ASSETCATALOG_COMPILER_APPICON_NAME = AppIcon;
				ASSETCATALOG_COMPILER_GLOBAL_ACCENT_COLOR_NAME = AccentColor;
				CODE_SIGN_STYLE = Automatic;
				INFOPLIST_FILE = collectionView/Info.plist;
				LD_RUNPATH_SEARCH_PATHS = (
					"$(inherited)",
					"@executable_path/Frameworks",
				);
				PRODUCT_BUNDLE_IDENTIFIER = iostest.collectionView;
				PRODUCT_NAME = "$(TARGET_NAME)";
				SWIFT_VERSION = 5.0;
				TARGETED_DEVICE_FAMILY = "1,2";
			};
			name = Debug;
		};
		3ACF8C4E277C5664009FA1EC /* Release */ = {
			isa = XCBuildConfiguration;
			buildSettings = {
				ASSETCATALOG_COMPILER_APPICON_NAME = AppIcon;
				ASSETCATALOG_COMPILER_GLOBAL_ACCENT_COLOR_NAME = AccentColor;
				CODE_SIGN_STYLE = Automatic;
				INFOPLIST_FILE = collectionView/Info.plist;
				LD_RUNPATH_SEARCH_PATHS = (
					"$(inherited)",
					"@executable_path/Frameworks",
				);
				PRODUCT_BUNDLE_IDENTIFIER = iostest.collectionView;
				PRODUCT_NAME = "$(TARGET_NAME)";
				SWIFT_VERSION = 5.0;
				TARGETED_DEVICE_FAMILY = "1,2";
			};
			name = Release;
		};
		3ACF8C50277C5664009FA1EC /* Debug */ = {
			isa = XCBuildConfiguration;
			buildSettings = {
				ALWAYS_EMBED_SWIFT_STANDARD_LIBRARIES = YES;
				BUNDLE_LOADER = "$(TEST_HOST)";
				CODE_SIGN_STYLE = Automatic;
				INFOPLIST_FILE = collectionViewTests/Info.plist;
				IPHONEOS_DEPLOYMENT_TARGET = 14.3;
				LD_RUNPATH_SEARCH_PATHS = (
					"$(inherited)",
					"@executable_path/Frameworks",
					"@loader_path/Frameworks",
				);
				PRODUCT_BUNDLE_IDENTIFIER = iostest.collectionViewTests;
				PRODUCT_NAME = "$(TARGET_NAME)";
				SWIFT_VERSION = 5.0;
				TARGETED_DEVICE_FAMILY = "1,2";
				TEST_HOST = "$(BUILT_PRODUCTS_DIR)/collectionView.app/collectionView";
			};
			name = Debug;
		};
		3ACF8C51277C5664009FA1EC /* Release */ = {
			isa = XCBuildConfiguration;
			buildSettings = {
				ALWAYS_EMBED_SWIFT_STANDARD_LIBRARIES = YES;
				BUNDLE_LOADER = "$(TEST_HOST)";
				CODE_SIGN_STYLE = Automatic;
				INFOPLIST_FILE = collectionViewTests/Info.plist;
				IPHONEOS_DEPLOYMENT_TARGET = 14.3;
				LD_RUNPATH_SEARCH_PATHS = (
					"$(inherited)",
					"@executable_path/Frameworks",
					"@loader_path/Frameworks",
				);
				PRODUCT_BUNDLE_IDENTIFIER = iostest.collectionViewTests;
				PRODUCT_NAME = "$(TARGET_NAME)";
				SWIFT_VERSION = 5.0;
				TARGETED_DEVICE_FAMILY = "1,2";
				TEST_HOST = "$(BUILT_PRODUCTS_DIR)/collectionView.app/collectionView";
			};
			name = Release;
		};
		3ACF8C53277C5664009FA1EC /* Debug */ = {
			isa = XCBuildConfiguration;
			buildSettings = {
				ALWAYS_EMBED_SWIFT_STANDARD_LIBRARIES = YES;
				CODE_SIGN_STYLE = Automatic;
				INFOPLIST_FILE = collectionViewUITests/Info.plist;
				LD_RUNPATH_SEARCH_PATHS = (
					"$(inherited)",
					"@executable_path/Frameworks",
					"@loader_path/Frameworks",
				);
				PRODUCT_BUNDLE_IDENTIFIER = iostest.collectionViewUITests;
				PRODUCT_NAME = "$(TARGET_NAME)";
				SWIFT_VERSION = 5.0;
				TARGETED_DEVICE_FAMILY = "1,2";
				TEST_TARGET_NAME = collectionView;
			};
			name = Debug;
		};
		3ACF8C54277C5664009FA1EC /* Release */ = {
			isa = XCBuildConfiguration;
			buildSettings = {
				ALWAYS_EMBED_SWIFT_STANDARD_LIBRARIES = YES;
				CODE_SIGN_STYLE = Automatic;
				INFOPLIST_FILE = collectionViewUITests/Info.plist;
				LD_RUNPATH_SEARCH_PATHS = (
					"$(inherited)",
					"@executable_path/Frameworks",
					"@loader_path/Frameworks",
				);
				PRODUCT_BUNDLE_IDENTIFIER = iostest.collectionViewUITests;
				PRODUCT_NAME = "$(TARGET_NAME)";
				SWIFT_VERSION = 5.0;
				TARGETED_DEVICE_FAMILY = "1,2";
				TEST_TARGET_NAME = collectionView;
			};
			name = Release;
		};
/* End XCBuildConfiguration section */

/* Begin XCConfigurationList section */
		3ACF8C1A277C5660009FA1EC /* Build configuration list for PBXProject "collectionView" */ = {
			isa = XCConfigurationList;
			buildConfigurations = (
				3ACF8C4A277C5664009FA1EC /* Debug */,
				3ACF8C4B277C5664009FA1EC /* Release */,
			);
			defaultConfigurationIsVisible = 0;
			defaultConfigurationName = Release;
		};
		3ACF8C4C277C5664009FA1EC /* Build configuration list for PBXNativeTarget "collectionView" */ = {
			isa = XCConfigurationList;
			buildConfigurations = (
				3ACF8C4D277C5664009FA1EC /* Debug */,
				3ACF8C4E277C5664009FA1EC /* Release */,
			);
			defaultConfigurationIsVisible = 0;
			defaultConfigurationName = Release;
		};
		3ACF8C4F277C5664009FA1EC /* Build configuration list for PBXNativeTarget "collectionViewTests" */ = {
			isa = XCConfigurationList;
			buildConfigurations = (
				3ACF8C50277C5664009FA1EC /* Debug */,
				3ACF8C51277C5664009FA1EC /* Release */,
			);
			defaultConfigurationIsVisible = 0;
			defaultConfigurationName = Release;
		};
		3ACF8C52277C5664009FA1EC /* Build configuration list for PBXNativeTarget "collectionViewUITests" */ = {
			isa = XCConfigurationList;
			buildConfigurations = (
				3ACF8C53277C5664009FA1EC /* Debug */,
				3ACF8C54277C5664009FA1EC /* Release */,
			);
			defaultConfigurationIsVisible = 0;
			defaultConfigurationName = Release;
		};
/* End XCConfigurationList section */

/* Begin XCVersionGroup section */
		3ACF8C2B277C5661009FA1EC /* collectionView.xcdatamodeld */ = {
			isa = XCVersionGroup;
			children = (
				3ACF8C2C277C5661009FA1EC /* collectionView.xcdatamodel */,
			);
			currentVersion = 3ACF8C2C277C5661009FA1EC /* collectionView.xcdatamodel */;
			path = collectionView.xcdatamodeld;
			sourceTree = "<group>";
			versionGroupType = wrapper.xcdatamodel;
		};
/* End XCVersionGroup section */
	};
	rootObject = 3ACF8C17277C5660009FA1EC /* Project object */;
}
